
Microsoft Visual Studio Solution File, Format Version 12.00
# Visual Studio Version 16
VisualStudioVersion = 16.0.30309.148
MinimumVisualStudioVersion = 10.0.40219.1
Project("{9A19103F-16F7-4668-BE54-9A1E7A4F7556}") = "AspNetCore.NetCore", "AspNetCore.NetCore\AspNetCore.NetCore.csproj", "{06A5782C-1C93-43E4-9559-A74EE1F2C241}"
EndProject
Project("{9A19103F-16F7-4668-BE54-9A1E7A4F7556}") = "AspNetCore.NetFramework", "AspNetCore.NetFramework\AspNetCore.NetFramework.csproj", "{86918568-10E5-4B55-8F8E-3B4612DD8503}"
EndProject
Project("{FAE04EC0-301F-11D3-BF4B-00C04F79EFBC}") = "AspNet.WebForms", "AspNet.WebForms\AspNet.WebForms.csproj", "{EA4183F0-7FB3-4731-BFFB-C76DA28C1F14}"
EndProject
Project("{9A19103F-16F7-4668-BE54-9A1E7A4F7556}") = "Blazor.Server", "Blazor.Server\Blazor.Server.csproj", "{D9D2240E-31D0-4E60-8B1A-3D75F9AA0C4C}"
EndProject
Project("{9A19103F-16F7-4668-BE54-9A1E7A4F7556}") = "AzureFunctions.v1", "AzureFunctions.v1\AzureFunctions.v1.csproj", "{258F85B6-D4A7-4925-AB48-F2A0B655D60B}"
EndProject
Project("{2150E333-8FDC-42A3-9474-1A3956D46DE8}") = "Solution items", "Solution items", "{F373FF62-4D0D-446D-ADDD-6BC3B1F091DB}"
	ProjectSection(SolutionItems) = preProject
		.gitignore = .gitignore
		README.md = README.md
	EndProjectSection
EndProject
Project("{9A19103F-16F7-4668-BE54-9A1E7A4F7556}") = "AzureFunctions.v2", "AzureFunctions.v2\AzureFunctions.v2.csproj", "{FB0B8FA5-C8BB-438D-B30C-FFB4E0B0BCDE}"
EndProject
Project("{9A19103F-16F7-4668-BE54-9A1E7A4F7556}") = "AzureFunctions.v3", "AzureFunctions.v3\AzureFunctions.v3.csproj", "{956F5B81-4762-4FB1-AF0F-0705011C118B}"
EndProject
Project("{9A19103F-16F7-4668-BE54-9A1E7A4F7556}") = "Blazor.WebAssembly", "Blazor.WebAssembly\Blazor.WebAssembly.csproj", "{225EB8CC-8963-476D-83CF-057D89F4F9EE}"
EndProject
Project("{9A19103F-16F7-4668-BE54-9A1E7A4F7556}") = "Console.NetCore", "Console.NetCore\Console.NetCore.csproj", "{30A95093-8679-441D-A1A4-263109B536D5}"
EndProject
Project("{FAE04EC0-301F-11D3-BF4B-00C04F79EFBC}") = "Console.NetFramework", "Console.NetFramework\Console.NetFramework.csproj", "{06333EC0-B586-44D2-9C39-9F1B03182CDE}"
EndProject
Project("{9A19103F-16F7-4668-BE54-9A1E7A4F7556}") = "xUnitTest.NetCore", "xUnitTest.NetCore\xUnitTest.NetCore.csproj", "{A7511F4F-497D-4D16-944E-A7C6C618854C}"
EndProject
Project("{9A19103F-16F7-4668-BE54-9A1E7A4F7556}") = "MsTest.NetCore", "MsTest.NetCore\MsTest.NetCore.csproj", "{62D47313-DC94-479C-9FF3-B58A6B2D07F3}"
EndProject
Project("{FAE04EC0-301F-11D3-BF4B-00C04F79EFBC}") = "MsTest.NetFramework", "MsTest.NetFramework\MsTest.NetFramework.csproj", "{C93634C9-8E8F-49EA-9DCC-A8D7568C274E}"
EndProject
Project("{9A19103F-16F7-4668-BE54-9A1E7A4F7556}") = "NunitTest.NetCore", "NunitTest.NetCore\NunitTest.NetCore.csproj", "{39B64830-F1E2-4318-8505-ABC2E0DD46C1}"
EndProject
Project("{9A19103F-16F7-4668-BE54-9A1E7A4F7556}") = "Wpf.NetCore", "Wpf.NetCore\Wpf.NetCore.csproj", "{DCB4D225-0BC6-4F4B-AD96-EA9D90ADFD47}"
EndProject
Project("{FAE04EC0-301F-11D3-BF4B-00C04F79EFBC}") = "Wpf.NetFramework", "Wpf.NetFramework\Wpf.NetFramework.csproj", "{8A1BDB12-DFDD-4125-968C-05B7F4CE348A}"
EndProject
Project("{9A19103F-16F7-4668-BE54-9A1E7A4F7556}") = "WinForms.NetCore", "WinForms.NetCore\WinForms.NetCore.csproj", "{87C9BBEF-6587-4B8C-98BD-E9FF131E8979}"
EndProject
Project("{FAE04EC0-301F-11D3-BF4B-00C04F79EFBC}") = "WinForms.NetFramework", "WinForms.NetFramework\WinForms.NetFramework.csproj", "{5072748D-18B0-496D-94CE-1E7B1AD67058}"
EndProject
Project("{FAE04EC0-301F-11D3-BF4B-00C04F79EFBC}") = "AspNet.Mvc", "AspNet.Mvc\AspNet.Mvc.csproj", "{71A5888C-7E7C-4C3A-AE00-94A677D23326}"
EndProject
Project("{FAE04EC0-301F-11D3-BF4B-00C04F79EFBC}") = "AzureDurableFunctions.v2", "AzureDurableFunctions.v2\AzureDurableFunctions.v2.csproj", "{9526736A-C910-4844-A511-7146C3A47176}"
EndProject
Global
	GlobalSection(SolutionConfigurationPlatforms) = preSolution
		Debug|Any CPU = Debug|Any CPU
		Release|Any CPU = Release|Any CPU
	EndGlobalSection
	GlobalSection(ProjectConfigurationPlatforms) = postSolution
		{06A5782C-1C93-43E4-9559-A74EE1F2C241}.Debug|Any CPU.ActiveCfg = Debug|Any CPU
		{06A5782C-1C93-43E4-9559-A74EE1F2C241}.Debug|Any CPU.Build.0 = Debug|Any CPU
		{06A5782C-1C93-43E4-9559-A74EE1F2C241}.Release|Any CPU.ActiveCfg = Release|Any CPU
		{06A5782C-1C93-43E4-9559-A74EE1F2C241}.Release|Any CPU.Build.0 = Release|Any CPU
		{86918568-10E5-4B55-8F8E-3B4612DD8503}.Debug|Any CPU.ActiveCfg = Debug|Any CPU
		{86918568-10E5-4B55-8F8E-3B4612DD8503}.Debug|Any CPU.Build.0 = Debug|Any CPU
		{86918568-10E5-4B55-8F8E-3B4612DD8503}.Release|Any CPU.ActiveCfg = Release|Any CPU
		{86918568-10E5-4B55-8F8E-3B4612DD8503}.Release|Any CPU.Build.0 = Release|Any CPU
		{EA4183F0-7FB3-4731-BFFB-C76DA28C1F14}.Debug|Any CPU.ActiveCfg = Debug|Any CPU
		{EA4183F0-7FB3-4731-BFFB-C76DA28C1F14}.Debug|Any CPU.Build.0 = Debug|Any CPU
		{EA4183F0-7FB3-4731-BFFB-C76DA28C1F14}.Release|Any CPU.ActiveCfg = Release|Any CPU
		{EA4183F0-7FB3-4731-BFFB-C76DA28C1F14}.Release|Any CPU.Build.0 = Release|Any CPU
		{D9D2240E-31D0-4E60-8B1A-3D75F9AA0C4C}.Debug|Any CPU.ActiveCfg = Debug|Any CPU
		{D9D2240E-31D0-4E60-8B1A-3D75F9AA0C4C}.Debug|Any CPU.Build.0 = Debug|Any CPU
		{D9D2240E-31D0-4E60-8B1A-3D75F9AA0C4C}.Release|Any CPU.ActiveCfg = Release|Any CPU
		{D9D2240E-31D0-4E60-8B1A-3D75F9AA0C4C}.Release|Any CPU.Build.0 = Release|Any CPU
		{258F85B6-D4A7-4925-AB48-F2A0B655D60B}.Debug|Any CPU.ActiveCfg = Debug|Any CPU
		{258F85B6-D4A7-4925-AB48-F2A0B655D60B}.Debug|Any CPU.Build.0 = Debug|Any CPU
		{258F85B6-D4A7-4925-AB48-F2A0B655D60B}.Release|Any CPU.ActiveCfg = Release|Any CPU
		{258F85B6-D4A7-4925-AB48-F2A0B655D60B}.Release|Any CPU.Build.0 = Release|Any CPU
		{FB0B8FA5-C8BB-438D-B30C-FFB4E0B0BCDE}.Debug|Any CPU.ActiveCfg = Debug|Any CPU
		{FB0B8FA5-C8BB-438D-B30C-FFB4E0B0BCDE}.Debug|Any CPU.Build.0 = Debug|Any CPU
		{FB0B8FA5-C8BB-438D-B30C-FFB4E0B0BCDE}.Release|Any CPU.ActiveCfg = Release|Any CPU
		{FB0B8FA5-C8BB-438D-B30C-FFB4E0B0BCDE}.Release|Any CPU.Build.0 = Release|Any CPU
		{956F5B81-4762-4FB1-AF0F-0705011C118B}.Debug|Any CPU.ActiveCfg = Debug|Any CPU
		{956F5B81-4762-4FB1-AF0F-0705011C118B}.Debug|Any CPU.Build.0 = Debug|Any CPU
		{956F5B81-4762-4FB1-AF0F-0705011C118B}.Release|Any CPU.ActiveCfg = Release|Any CPU
		{956F5B81-4762-4FB1-AF0F-0705011C118B}.Release|Any CPU.Build.0 = Release|Any CPU
		{225EB8CC-8963-476D-83CF-057D89F4F9EE}.Debug|Any CPU.ActiveCfg = Debug|Any CPU
		{225EB8CC-8963-476D-83CF-057D89F4F9EE}.Debug|Any CPU.Build.0 = Debug|Any CPU
		{225EB8CC-8963-476D-83CF-057D89F4F9EE}.Release|Any CPU.ActiveCfg = Release|Any CPU
		{225EB8CC-8963-476D-83CF-057D89F4F9EE}.Release|Any CPU.Build.0 = Release|Any CPU
		{30A95093-8679-441D-A1A4-263109B536D5}.Debug|Any CPU.ActiveCfg = Debug|Any CPU
		{30A95093-8679-441D-A1A4-263109B536D5}.Debug|Any CPU.Build.0 = Debug|Any CPU
		{30A95093-8679-441D-A1A4-263109B536D5}.Release|Any CPU.ActiveCfg = Release|Any CPU
		{30A95093-8679-441D-A1A4-263109B536D5}.Release|Any CPU.Build.0 = Release|Any CPU
		{06333EC0-B586-44D2-9C39-9F1B03182CDE}.Debug|Any CPU.ActiveCfg = Debug|Any CPU
		{06333EC0-B586-44D2-9C39-9F1B03182CDE}.Debug|Any CPU.Build.0 = Debug|Any CPU
		{06333EC0-B586-44D2-9C39-9F1B03182CDE}.Release|Any CPU.ActiveCfg = Release|Any CPU
		{06333EC0-B586-44D2-9C39-9F1B03182CDE}.Release|Any CPU.Build.0 = Release|Any CPU
		{A7511F4F-497D-4D16-944E-A7C6C618854C}.Debug|Any CPU.ActiveCfg = Debug|Any CPU
		{A7511F4F-497D-4D16-944E-A7C6C618854C}.Debug|Any CPU.Build.0 = Debug|Any CPU
		{A7511F4F-497D-4D16-944E-A7C6C618854C}.Release|Any CPU.ActiveCfg = Release|Any CPU
		{A7511F4F-497D-4D16-944E-A7C6C618854C}.Release|Any CPU.Build.0 = Release|Any CPU
		{62D47313-DC94-479C-9FF3-B58A6B2D07F3}.Debug|Any CPU.ActiveCfg = Debug|Any CPU
		{62D47313-DC94-479C-9FF3-B58A6B2D07F3}.Debug|Any CPU.Build.0 = Debug|Any CPU
		{62D47313-DC94-479C-9FF3-B58A6B2D07F3}.Release|Any CPU.ActiveCfg = Release|Any CPU
		{62D47313-DC94-479C-9FF3-B58A6B2D07F3}.Release|Any CPU.Build.0 = Release|Any CPU
		{C93634C9-8E8F-49EA-9DCC-A8D7568C274E}.Debug|Any CPU.ActiveCfg = Debug|Any CPU
		{C93634C9-8E8F-49EA-9DCC-A8D7568C274E}.Debug|Any CPU.Build.0 = Debug|Any CPU
		{C93634C9-8E8F-49EA-9DCC-A8D7568C274E}.Release|Any CPU.ActiveCfg = Release|Any CPU
		{C93634C9-8E8F-49EA-9DCC-A8D7568C274E}.Release|Any CPU.Build.0 = Release|Any CPU
		{39B64830-F1E2-4318-8505-ABC2E0DD46C1}.Debug|Any CPU.ActiveCfg = Debug|Any CPU
		{39B64830-F1E2-4318-8505-ABC2E0DD46C1}.Debug|Any CPU.Build.0 = Debug|Any CPU
		{39B64830-F1E2-4318-8505-ABC2E0DD46C1}.Release|Any CPU.ActiveCfg = Release|Any CPU
		{39B64830-F1E2-4318-8505-ABC2E0DD46C1}.Release|Any CPU.Build.0 = Release|Any CPU
		{DCB4D225-0BC6-4F4B-AD96-EA9D90ADFD47}.Debug|Any CPU.ActiveCfg = Debug|Any CPU
		{DCB4D225-0BC6-4F4B-AD96-EA9D90ADFD47}.Debug|Any CPU.Build.0 = Debug|Any CPU
		{DCB4D225-0BC6-4F4B-AD96-EA9D90ADFD47}.Release|Any CPU.ActiveCfg = Release|Any CPU
		{DCB4D225-0BC6-4F4B-AD96-EA9D90ADFD47}.Release|Any CPU.Build.0 = Release|Any CPU
		{8A1BDB12-DFDD-4125-968C-05B7F4CE348A}.Debug|Any CPU.ActiveCfg = Debug|Any CPU
		{8A1BDB12-DFDD-4125-968C-05B7F4CE348A}.Debug|Any CPU.Build.0 = Debug|Any CPU
		{8A1BDB12-DFDD-4125-968C-05B7F4CE348A}.Release|Any CPU.ActiveCfg = Release|Any CPU
		{8A1BDB12-DFDD-4125-968C-05B7F4CE348A}.Release|Any CPU.Build.0 = Release|Any CPU
		{87C9BBEF-6587-4B8C-98BD-E9FF131E8979}.Debug|Any CPU.ActiveCfg = Debug|Any CPU
		{87C9BBEF-6587-4B8C-98BD-E9FF131E8979}.Debug|Any CPU.Build.0 = Debug|Any CPU
		{87C9BBEF-6587-4B8C-98BD-E9FF131E8979}.Release|Any CPU.ActiveCfg = Release|Any CPU
		{87C9BBEF-6587-4B8C-98BD-E9FF131E8979}.Release|Any CPU.Build.0 = Release|Any CPU
		{5072748D-18B0-496D-94CE-1E7B1AD67058}.Debug|Any CPU.ActiveCfg = Debug|Any CPU
		{5072748D-18B0-496D-94CE-1E7B1AD67058}.Debug|Any CPU.Build.0 = Debug|Any CPU
		{5072748D-18B0-496D-94CE-1E7B1AD67058}.Release|Any CPU.ActiveCfg = Release|Any CPU
		{5072748D-18B0-496D-94CE-1E7B1AD67058}.Release|Any CPU.Build.0 = Release|Any CPU
		{71A5888C-7E7C-4C3A-AE00-94A677D23326}.Debug|Any CPU.ActiveCfg = Debug|Any CPU
		{71A5888C-7E7C-4C3A-AE00-94A677D23326}.Debug|Any CPU.Build.0 = Debug|Any CPU
		{71A5888C-7E7C-4C3A-AE00-94A677D23326}.Release|Any CPU.ActiveCfg = Release|Any CPU
		{71A5888C-7E7C-4C3A-AE00-94A677D23326}.Release|Any CPU.Build.0 = Release|Any CPU
		{9526736A-C910-4844-A511-7146C3A47176}.Debug|Any CPU.ActiveCfg = Debug|Any CPU
		{9526736A-C910-4844-A511-7146C3A47176}.Debug|Any CPU.Build.0 = Debug|Any CPU
		{9526736A-C910-4844-A511-7146C3A47176}.Release|Any CPU.ActiveCfg = Release|Any CPU
		{9526736A-C910-4844-A511-7146C3A47176}.Release|Any CPU.Build.0 = Release|Any CPU
	EndGlobalSection
	GlobalSection(SolutionProperties) = preSolution
		HideSolutionNode = FALSE
	EndGlobalSection
	GlobalSection(ExtensibilityGlobals) = postSolution
		SolutionGuid = {A4ACCEB1-6C85-4277-B630-32FB71AFC189}
	EndGlobalSection
EndGlobal
