
Microsoft Visual Studio Solution File, Format Version 12.00
# Visual Studio Version 16
VisualStudioVersion = 16.0.30309.148
MinimumVisualStudioVersion = 10.0.40219.1
Project("{9A19103F-16F7-4668-BE54-9A1E7A4F7556}") = "AspNetCore.NetCore", "AspNetCore.NetCore\AspNetCore.NetCore.csproj", "{06A5782C-1C93-43E4-9559-A74EE1F2C241}"
EndProject
Project("{9A19103F-16F7-4668-BE54-9A1E7A4F7556}") = "AspNetCore.NetFramework", "AspNetCore.NetFramework\AspNetCore.NetFramework.csproj", "{86918568-10E5-4B55-8F8E-3B4612DD8503}"
EndProject
Project("{FAE04EC0-301F-11D3-BF4B-00C04F79EFBC}") = "AspNet.WebForms", "AspNet.WebForms\AspNet.WebForms.csproj", "{EA4183F0-7FB3-4731-BFFB-C76DA28C1F14}"
EndProject
Project("{9A19103F-16F7-4668-BE54-9A1E7A4F7556}") = "Blazor.Server", "Blazor.Server\Blazor.Server.csproj", "{D9D2240E-31D0-4E60-8B1A-3D75F9AA0C4C}"
EndProject
Project("{9A19103F-16F7-4668-BE54-9A1E7A4F7556}") = "AzureFunctions.v1", "AzureFunctions.v1\AzureFunctions.v1.csproj", "{258F85B6-D4A7-4925-AB48-F2A0B655D60B}"
EndProject
Project("{2150E333-8FDC-42A3-9474-1A3956D46DE8}") = "Solution items", "Solution items", "{F373FF62-4D0D-446D-ADDD-6BC3B1F091DB}"
	ProjectSection(SolutionItems) = preProject
		.gitignore = .gitignore
		README.md = README.md
	EndProjectSection
EndProject
Project("{FAE04EC0-301F-11D3-BF4B-00C04F79EFBC}") = "AzureFunctions.v2", "AzureFunctions.v2\AzureFunctions.v2.csproj", "{FB0B8FA5-C8BB-438D-B30C-FFB4E0B0BCDE}"
EndProject
Project("{FAE04EC0-301F-11D3-BF4B-00C04F79EFBC}") = "AzureFunctions.v3", "AzureFunctions.v3\AzureFunctions.v3.csproj", "{956F5B81-4762-4FB1-AF0F-0705011C118B}"
EndProject
Global
	GlobalSection(SolutionConfigurationPlatforms) = preSolution
		Debug|Any CPU = Debug|Any CPU
		Release|Any CPU = Release|Any CPU
	EndGlobalSection
	GlobalSection(ProjectConfigurationPlatforms) = postSolution
		{06A5782C-1C93-43E4-9559-A74EE1F2C241}.Debug|Any CPU.ActiveCfg = Debug|Any CPU
		{06A5782C-1C93-43E4-9559-A74EE1F2C241}.Debug|Any CPU.Build.0 = Debug|Any CPU
		{06A5782C-1C93-43E4-9559-A74EE1F2C241}.Release|Any CPU.ActiveCfg = Release|Any CPU
		{06A5782C-1C93-43E4-9559-A74EE1F2C241}.Release|Any CPU.Build.0 = Release|Any CPU
		{86918568-10E5-4B55-8F8E-3B4612DD8503}.Debug|Any CPU.ActiveCfg = Debug|Any CPU
		{86918568-10E5-4B55-8F8E-3B4612DD8503}.Debug|Any CPU.Build.0 = Debug|Any CPU
		{86918568-10E5-4B55-8F8E-3B4612DD8503}.Release|Any CPU.ActiveCfg = Release|Any CPU
		{86918568-10E5-4B55-8F8E-3B4612DD8503}.Release|Any CPU.Build.0 = Release|Any CPU
		{EA4183F0-7FB3-4731-BFFB-C76DA28C1F14}.Debug|Any CPU.ActiveCfg = Debug|Any CPU
		{EA4183F0-7FB3-4731-BFFB-C76DA28C1F14}.Debug|Any CPU.Build.0 = Debug|Any CPU
		{EA4183F0-7FB3-4731-BFFB-C76DA28C1F14}.Release|Any CPU.ActiveCfg = Release|Any CPU
		{EA4183F0-7FB3-4731-BFFB-C76DA28C1F14}.Release|Any CPU.Build.0 = Release|Any CPU
		{D9D2240E-31D0-4E60-8B1A-3D75F9AA0C4C}.Debug|Any CPU.ActiveCfg = Debug|Any CPU
		{D9D2240E-31D0-4E60-8B1A-3D75F9AA0C4C}.Debug|Any CPU.Build.0 = Debug|Any CPU
		{D9D2240E-31D0-4E60-8B1A-3D75F9AA0C4C}.Release|Any CPU.ActiveCfg = Release|Any CPU
		{D9D2240E-31D0-4E60-8B1A-3D75F9AA0C4C}.Release|Any CPU.Build.0 = Release|Any CPU
		{258F85B6-D4A7-4925-AB48-F2A0B655D60B}.Debug|Any CPU.ActiveCfg = Debug|Any CPU
		{258F85B6-D4A7-4925-AB48-F2A0B655D60B}.Debug|Any CPU.Build.0 = Debug|Any CPU
		{258F85B6-D4A7-4925-AB48-F2A0B655D60B}.Release|Any CPU.ActiveCfg = Release|Any CPU
		{258F85B6-D4A7-4925-AB48-F2A0B655D60B}.Release|Any CPU.Build.0 = Release|Any CPU
		{FB0B8FA5-C8BB-438D-B30C-FFB4E0B0BCDE}.Debug|Any CPU.ActiveCfg = Debug|Any CPU
		{FB0B8FA5-C8BB-438D-B30C-FFB4E0B0BCDE}.Debug|Any CPU.Build.0 = Debug|Any CPU
		{FB0B8FA5-C8BB-438D-B30C-FFB4E0B0BCDE}.Release|Any CPU.ActiveCfg = Release|Any CPU
		{FB0B8FA5-C8BB-438D-B30C-FFB4E0B0BCDE}.Release|Any CPU.Build.0 = Release|Any CPU
		{956F5B81-4762-4FB1-AF0F-0705011C118B}.Debug|Any CPU.ActiveCfg = Debug|Any CPU
		{956F5B81-4762-4FB1-AF0F-0705011C118B}.Debug|Any CPU.Build.0 = Debug|Any CPU
		{956F5B81-4762-4FB1-AF0F-0705011C118B}.Release|Any CPU.ActiveCfg = Release|Any CPU
		{956F5B81-4762-4FB1-AF0F-0705011C118B}.Release|Any CPU.Build.0 = Release|Any CPU
	EndGlobalSection
	GlobalSection(SolutionProperties) = preSolution
		HideSolutionNode = FALSE
	EndGlobalSection
	GlobalSection(ExtensibilityGlobals) = postSolution
		SolutionGuid = {A4ACCEB1-6C85-4277-B630-32FB71AFC189}
	EndGlobalSection
EndGlobal
